
Microsoft Visual Studio Solution File, Format Version 12.00
# Visual Studio Version 17
VisualStudioVersion = 17.10.35004.147
MinimumVisualStudioVersion = 10.0.40219.1
Project("{888888A0-9F3D-457C-B088-3A5042F75D52}") = "PasswordManager", "PasswordManager\PasswordManager.pyproj", "{62E7AB30-872F-4174-92FF-051CB5BCA838}"
EndProject
Global
	GlobalSection(SolutionConfigurationPlatforms) = preSolution
		Debug|Any CPU = Debug|Any CPU
		Release|Any CPU = Release|Any CPU
	EndGlobalSection
	GlobalSection(ProjectConfigurationPlatforms) = postSolution
		{62E7AB30-872F-4174-92FF-051CB5BCA838}.Debug|Any CPU.ActiveCfg = Debug|Any CPU
		{62E7AB30-872F-4174-92FF-051CB5BCA838}.Release|Any CPU.ActiveCfg = Release|Any CPU
	EndGlobalSection
	GlobalSection(SolutionProperties) = preSolution
		HideSolutionNode = FALSE
	EndGlobalSection
	GlobalSection(ExtensibilityGlobals) = postSolution
		SolutionGuid = {B2B4A473-063F-4314-A887-33CFA8FBC143}
	EndGlobalSection
EndGlobal
